{
  "name": "deetoolbar",
  "version": "1.4.0",
  "lockfileVersion": 1,
  "requires": true,
  "dependencies": {
    "async": {
      "version": "1.5.2",
      "resolved": "https://registry.npmjs.org/async/-/async-1.5.2.tgz",
      "integrity": "sha1-7GphrlZIDAw8skHJVhjiCJL5Zyo=",
      "dev": true
    },
    "balanced-match": {
      "version": "1.0.0",
      "resolved": "https://registry.npmjs.org/balanced-match/-/balanced-match-1.0.0.tgz",
      "integrity": "sha1-ibTRmasr7kneFk6gK4nORi1xt2c=",
      "dev": true
    },
    "bluebird": {
      "version": "3.5.1",
      "resolved": "https://registry.npmjs.org/bluebird/-/bluebird-3.5.1.tgz",
      "integrity": "sha512-MKiLiV+I1AA596t9w1sQJ8jkiSr5+ZKi0WKrYGUn6d1Fx+Ij4tIj+m2WMQSGczs5jZVxV339chE8iwk6F64wjA==",
      "dev": true
    },
    "brace-expansion": {
      "version": "1.1.11",
      "resolved": "https://registry.npmjs.org/brace-expansion/-/brace-expansion-1.1.11.tgz",
      "integrity": "sha512-iCuPHDFgrHX7H2vEI/5xpz07zSHB00TpugqhmYtVmMO6518mCuRMoOYFldEBl0g187ufozdaHgWKcYFb61qGiA==",
      "dev": true,
      "requires": {
        "balanced-match": "^1.0.0",
        "concat-map": "0.0.1"
      }
    },
    "concat-map": {
      "version": "0.0.1",
      "resolved": "https://registry.npmjs.org/concat-map/-/concat-map-0.0.1.tgz",
      "integrity": "sha1-2Klr13/Wjfd5OnMDajug1UBdR3s=",
      "dev": true
    },
    "err-code": {
      "version": "1.1.2",
      "resolved": "https://registry.npmjs.org/err-code/-/err-code-1.1.2.tgz",
      "integrity": "sha1-BuARbTAo9q70gGhJ6w6mp0iuaWA=",
      "dev": true
    },
    "extend": {
      "version": "3.0.1",
      "resolved": "https://registry.npmjs.org/extend/-/extend-3.0.1.tgz",
      "integrity": "sha1-p1Xqe8Gt/MWjHOfnYtuq3F5jZEQ=",
      "dev": true
    },
    "file-js": {
      "version": "0.3.0",
      "resolved": "https://registry.npmjs.org/file-js/-/file-js-0.3.0.tgz",
      "integrity": "sha1-+rRr94I0bJKUSZ8fDSrQfYOPJdE=",
      "dev": true,
      "requires": {
        "bluebird": "^3.4.7",
        "minimatch": "^3.0.3",
        "proper-lockfile": "^1.2.0"
      }
    },
    "filehound": {
      "version": "1.16.4",
      "resolved": "https://registry.npmjs.org/filehound/-/filehound-1.16.4.tgz",
      "integrity": "sha512-TElqcntG5el6W/RG7gMUiaJxy1xmJA+RQ+c7AOcOqgDOHNfR6vW8khMYp/oVXrFtI/SXV6vAUlt//5XMUAZBww==",
      "dev": true,
      "requires": {
        "bluebird": "^3.5.1",
        "file-js": "0.3.0",
        "lodash": "^4.17.10",
        "minimatch": "^3.0.4",
        "moment": "^2.22.1",
        "unit-compare": "^1.0.1"
      }
    },
    "fs-extra": {
      "version": "6.0.1",
      "resolved": "https://registry.npmjs.org/fs-extra/-/fs-extra-6.0.1.tgz",
      "integrity": "sha512-GnyIkKhhzXZUWFCaJzvyDLEEgDkPfb4/TPvJCJVuS8MWZgoSsErf++QpiAlDnKFcqhRlm+tIOcencCjyJE6ZCA==",
      "dev": true,
      "requires": {
        "graceful-fs": "^4.1.2",
        "jsonfile": "^4.0.0",
        "universalify": "^0.1.0"
      }
    },
    "graceful-fs": {
      "version": "4.1.11",
      "resolved": "https://registry.npmjs.org/graceful-fs/-/graceful-fs-4.1.11.tgz",
      "integrity": "sha1-Dovf5NHduIVNZOBOp8AOKgJuVlg=",
      "dev": true
    },
    "jsonfile": {
      "version": "4.0.0",
      "resolved": "https://registry.npmjs.org/jsonfile/-/jsonfile-4.0.0.tgz",
      "integrity": "sha1-h3Gq4HmbZAdrdmQPygWPnBDjPss=",
      "dev": true,
      "requires": {
        "graceful-fs": "^4.1.6"
      }
    },
    "jszip": {
      "version": "2.6.1",
      "resolved": "https://registry.npmjs.org/jszip/-/jszip-2.6.1.tgz",
      "integrity": "sha1-uI86ey5noqBIFSmCx6N1bZxIKPA=",
      "dev": true,
      "requires": {
        "pako": "~1.0.2"
      }
    },
    "lodash": {
      "version": "4.17.10",
      "resolved": "https://registry.npmjs.org/lodash/-/lodash-4.17.10.tgz",
      "integrity": "sha512-UejweD1pDoXu+AD825lWwp4ZGtSwgnpZxb3JDViD7StjQz+Nb/6l093lx4OQ0foGWNRoc19mWy7BzL+UAK2iVg==",
      "dev": true
    },
    "minimatch": {
      "version": "3.0.4",
      "resolved": "https://registry.npmjs.org/minimatch/-/minimatch-3.0.4.tgz",
      "integrity": "sha512-yJHVQEhyqPLUTgt9B83PXu6W3rx4MvvHvSUvToogpwoGDOUQ+yDrR0HRot+yOCdCO7u4hX3pWft6kWBBcqh0UA==",
      "dev": true,
      "requires": {
        "brace-expansion": "^1.1.7"
      }
    },
    "moment": {
      "version": "2.22.2",
      "resolved": "https://registry.npmjs.org/moment/-/moment-2.22.2.tgz",
      "integrity": "sha1-PCV/mDn8DpP/UxSWMiOeuQeD/2Y=",
      "dev": true
    },
    "pako": {
      "version": "1.0.6",
      "resolved": "https://registry.npmjs.org/pako/-/pako-1.0.6.tgz",
      "integrity": "sha512-lQe48YPsMJAig+yngZ87Lus+NF+3mtu7DVOBu6b/gHO1YpKwIj5AWjZ/TOS7i46HD/UixzWb1zeWDZfGZ3iYcg==",
      "dev": true
    },
    "proper-lockfile": {
      "version": "1.2.0",
      "resolved": "https://registry.npmjs.org/proper-lockfile/-/proper-lockfile-1.2.0.tgz",
      "integrity": "sha1-zv9d2J0+XxD7deHo52vHWAGlnDQ=",
      "dev": true,
      "requires": {
        "err-code": "^1.0.0",
        "extend": "^3.0.0",
        "graceful-fs": "^4.1.2",
        "retry": "^0.10.0"
      }
    },
    "retry": {
      "version": "0.10.1",
      "resolved": "https://registry.npmjs.org/retry/-/retry-0.10.1.tgz",
      "integrity": "sha1-52OI0heZLCUnUCQdPTlW/tmNj/Q=",
      "dev": true
    },
    "typescript": {
      "version": "2.9.2",
      "resolved": "https://registry.npmjs.org/typescript/-/typescript-2.9.2.tgz",
      "integrity": "sha512-Gr4p6nFNaoufRIY4NMdpQRNmgxVIGMs4Fcu/ujdYk3nAZqk7supzBE9idmvfZIlH/Cuj//dvi+019qEue9lV0w==",
      "dev": true
    },
    "unit-compare": {
      "version": "1.0.1",
      "resolved": "https://registry.npmjs.org/unit-compare/-/unit-compare-1.0.1.tgz",
      "integrity": "sha1-DHRZ8OW/U2N+qHPKPO4Y3i7so4Y=",
      "dev": true,
      "requires": {
        "moment": "^2.14.1"
      }
    },
    "universalify": {
      "version": "0.1.2",
      "resolved": "https://registry.npmjs.org/universalify/-/universalify-0.1.2.tgz",
      "integrity": "sha512-rBJeI5CXAlmy1pV+617WB9J63U6XcazHHF2f2dbJix4XzpUF0RS3Zbj0FGIOCAva5P/d/GBOYaACQ1w+0azUkg==",
      "dev": true
    },
    "zip-dir": {
      "version": "1.0.2",
      "resolved": "https://registry.npmjs.org/zip-dir/-/zip-dir-1.0.2.tgz",
      "integrity": "sha1-JT+QeurWKiGs2HIdi4gDKyQRwFE=",
      "dev": true,
      "requires": {
        "async": "^1.5.2",
        "jszip": "^2.4.0"
      }
    }
  }
}
